
Microsoft Visual Studio Solution File, Format Version 12.00
# Visual Studio Version 16
VisualStudioVersion = 16.0.29306.81
MinimumVisualStudioVersion = 10.0.40219.1
Project("{FAE04EC0-301F-11D3-BF4B-00C04F79EFBC}") = "BlogApp", "BlogApp\BlogApp.csproj", "{E904E440-51B9-4D50-BD8A-42275254B2B4}"
EndProject
Global
	GlobalSection(SolutionConfigurationPlatforms) = preSolution
		Debug|Any CPU = Debug|Any CPU
		Release|Any CPU = Release|Any CPU
	EndGlobalSection
	GlobalSection(ProjectConfigurationPlatforms) = postSolution
		{E904E440-51B9-4D50-BD8A-42275254B2B4}.Debug|Any CPU.ActiveCfg = Debug|Any CPU
		{E904E440-51B9-4D50-BD8A-42275254B2B4}.Debug|Any CPU.Build.0 = Debug|Any CPU
		{E904E440-51B9-4D50-BD8A-42275254B2B4}.Release|Any CPU.ActiveCfg = Release|Any CPU
		{E904E440-51B9-4D50-BD8A-42275254B2B4}.Release|Any CPU.Build.0 = Release|Any CPU
	EndGlobalSection
	GlobalSection(SolutionProperties) = preSolution
		HideSolutionNode = FALSE
	EndGlobalSection
	GlobalSection(ExtensibilityGlobals) = postSolution
		SolutionGuid = {B5AA92EC-F8D1-42E0-B8D2-E2F19120AB39}
	EndGlobalSection
EndGlobal
